{
  "version": 4,
  "terraform_version": "0.12.3",
  "serial": 26,
  "lineage": "3ae57917-753e-9e88-aa97-d2d38be3efdc",
  "outputs": {},
  "resources": [
    {
      "mode": "data",
      "type": "aws_ami",
      "name": "api_ec2",
      "provider": "provider.aws",
      "instances": [
        {
          "schema_version": 0,
          "attributes": {
            "architecture": "x86_64",
            "block_device_mappings": [
              {
                "device_name": "/dev/xvda",
                "ebs": {
                  "delete_on_termination": "true",
                  "encrypted": "false",
                  "iops": "0",
                  "snapshot_id": "snap-08689edbbb403ed41",
                  "volume_size": "8",
                  "volume_type": "gp2"
                },
                "no_device": "",
                "virtual_name": ""
              },
              {
                "device_name": "/dev/xvdcz",
                "ebs": {
                  "delete_on_termination": "true",
                  "encrypted": "false",
                  "iops": "0",
                  "snapshot_id": "",
                  "volume_size": "22",
                  "volume_type": "gp2"
                },
                "no_device": "",
                "virtual_name": ""
              }
            ],
            "creation_date": "2019-06-15T18:51:46.000Z",
            "description": "Amazon Linux AMI 2018.03.u x86_64 ECS HVM GP2",
            "executable_users": null,
            "filter": [
              {
                "name": "name",
                "values": [
                  "amzn-ami-*-amazon-ecs-optimized"
                ]
              },
              {
                "name": "owner-alias",
                "values": [
                  "amazon"
                ]
              }
            ],
            "hypervisor": "xen",
            "id": "ami-0c0c01a7a42f41c0c",
            "image_id": "ami-0c0c01a7a42f41c0c",
            "image_location": "amazon/amzn-ami-2018.03.u-amazon-ecs-optimized",
            "image_owner_alias": "amazon",
            "image_type": "machine",
            "kernel_id": null,
            "most_recent": true,
            "name": "amzn-ami-2018.03.u-amazon-ecs-optimized",
            "name_regex": null,
            "owner_id": "591542846629",
            "owners": [
              "amazon"
            ],
            "platform": null,
            "product_codes": [],
            "public": true,
            "ramdisk_id": null,
            "root_device_name": "/dev/xvda",
            "root_device_type": "ebs",
            "root_snapshot_id": "snap-08689edbbb403ed41",
            "sriov_net_support": "simple",
            "state": "available",
            "state_reason": {
              "code": "UNSET",
              "message": "UNSET"
            },
            "tags": {},
            "virtualization_type": "hvm"
          }
        }
      ]
    },
    {
      "mode": "data",
      "type": "template_file",
      "name": "user_data",
      "provider": "provider.template",
      "instances": [
        {
          "schema_version": 0,
          "attributes": {
            "filename": null,
            "id": "e3b52079708be6e36422823aea43385d0a6a74d500dfcbbcfedfaf4aa05c1a33",
            "rendered": "#!/bin/bash\r\n\r\n# ECS config\r\n{\r\n  echo \"ECS_CLUSTER=terraform-prototype-cluster\"\r\n} \u003e\u003e /etc/ecs/ecs.config\r\n\r\nstart ecs\r\n\r\necho \"Done\"\r\n",
            "template": "#!/bin/bash\r\n\r\n# ECS config\r\n{\r\n  echo \"ECS_CLUSTER=${cluster_name}\"\r\n} \u003e\u003e /etc/ecs/ecs.config\r\n\r\nstart ecs\r\n\r\necho \"Done\"\r\n",
            "vars": {
              "cluster_name": "terraform-prototype-cluster"
            }
          },
          "depends_on": [
            "aws_ecs_cluster.cluster"
          ]
        }
      ]
    },
    {
      "mode": "managed",
      "type": "aws_ecr_repository",
      "name": "api-ecr",
      "provider": "provider.aws",
      "instances": [
        {
          "schema_version": 0,
          "attributes": {
            "arn": "arn:aws:ecr:eu-central-1:773243651801:repository/terraform-prototype-api",
            "id": "terraform-prototype-api",
            "name": "terraform-prototype-api",
            "registry_id": "773243651801",
            "repository_url": "773243651801.dkr.ecr.eu-central-1.amazonaws.com/terraform-prototype-api",
            "tags": {},
            "timeouts": null
          },
          "private": "eyJlMmJmYjczMC1lY2FhLTExZTYtOGY4OC0zNDM2M2JjN2M0YzAiOnsiZGVsZXRlIjoxMjAwMDAwMDAwMDAwfX0="
        }
      ]
    },
    {
      "mode": "managed",
      "type": "aws_ecs_cluster",
      "name": "cluster",
      "provider": "provider.aws",
      "instances": [
        {
          "schema_version": 0,
          "attributes": {
            "arn": "arn:aws:ecs:eu-central-1:773243651801:cluster/terraform-prototype-cluster",
            "id": "arn:aws:ecs:eu-central-1:773243651801:cluster/terraform-prototype-cluster",
            "name": "terraform-prototype-cluster",
            "tags": {}
          },
          "private": "bnVsbA=="
        }
      ]
    },
    {
      "mode": "managed",
      "type": "aws_ecs_service",
      "name": "ecs_service",
      "provider": "provider.aws",
      "instances": [
        {
          "schema_version": 0,
          "attributes": {
            "cluster": "arn:aws:ecs:eu-central-1:773243651801:cluster/terraform-prototype-cluster",
            "deployment_controller": [
              {
                "type": "ECS"
              }
            ],
            "deployment_maximum_percent": 200,
            "deployment_minimum_healthy_percent": 100,
            "desired_count": 1,
            "enable_ecs_managed_tags": false,
            "health_check_grace_period_seconds": 0,
            "iam_role": null,
            "id": "arn:aws:ecs:eu-central-1:773243651801:service/terraform-prototype-api-service",
            "launch_type": "EC2",
            "load_balancer": [],
            "name": "terraform-prototype-api-service",
            "network_configuration": [],
            "ordered_placement_strategy": [],
            "placement_constraints": [],
            "placement_strategy": [],
            "platform_version": "",
            "propagate_tags": "NONE",
            "scheduling_strategy": "REPLICA",
            "service_registries": [],
            "tags": {},
            "task_definition": "arn:aws:ecs:eu-central-1:773243651801:task-definition/terraform-api-task-definition:1"
          },
          "private": "bnVsbA==",
          "depends_on": [
            "aws_ecs_cluster.cluster",
            "aws_ecs_task_definition.api-task-definition"
          ]
        }
      ]
    },
    {
      "mode": "managed",
      "type": "aws_ecs_task_definition",
      "name": "api-task-definition",
      "provider": "provider.aws",
      "instances": [
        {
          "schema_version": 1,
          "attributes": {
            "arn": "arn:aws:ecs:eu-central-1:773243651801:task-definition/terraform-api-task-definition:1",
            "container_definitions": "[{\"cpu\":0,\"environment\":[{\"name\":\"ASPNETCORE_ENVIRONMENT\",\"value\":\"Production\"}],\"essential\":true,\"image\":\"773243651801.dkr.ecr.eu-central-1.amazonaws.com/terraform-learning:latest\",\"memory\":128,\"mountPoints\":[],\"name\":\"terraform-learning-api-container\",\"portMappings\":[{\"containerPort\":80,\"hostPort\":80,\"protocol\":\"tcp\"}],\"volumesFrom\":[]}]",
            "cpu": "",
            "execution_role_arn": "",
            "family": "terraform-api-task-definition",
            "id": "terraform-api-task-definition",
            "ipc_mode": null,
            "memory": "",
            "network_mode": "",
            "pid_mode": null,
            "placement_constraints": [],
            "proxy_configuration": [],
            "requires_compatibilities": [],
            "revision": 1,
            "tags": {},
            "task_role_arn": "",
            "volume": []
          },
          "private": "eyJzY2hlbWFfdmVyc2lvbiI6IjEifQ=="
        }
      ]
    },
    {
      "mode": "managed",
      "type": "aws_iam_instance_profile",
      "name": "ecs_instance_profile",
      "provider": "provider.aws",
      "instances": [
        {
          "schema_version": 0,
          "attributes": {
            "arn": "arn:aws:iam::773243651801:instance-profile/ecs_instance_profile",
            "create_date": "2019-07-11T21:37:15Z",
            "id": "ecs_instance_profile",
            "name": "ecs_instance_profile",
            "name_prefix": null,
            "path": "/",
            "role": "ec2-ecs-role",
            "roles": [],
            "unique_id": "AIPA3ICHJY3M5A7ZV2FQ3"
          },
          "private": "bnVsbA==",
          "depends_on": [
            "aws_iam_role.instance_role"
          ]
        }
      ]
    },
    {
      "mode": "managed",
      "type": "aws_iam_role",
      "name": "instance_role",
      "provider": "provider.aws",
      "instances": [
        {
          "schema_version": 0,
          "attributes": {
            "arn": "arn:aws:iam::773243651801:role/ec2-ecs-role",
            "assume_role_policy": "{\"Version\":\"2012-10-17\",\"Statement\":[{\"Sid\":\"\",\"Effect\":\"Allow\",\"Principal\":{\"Service\":\"ec2.amazonaws.com\"},\"Action\":\"sts:AssumeRole\"}]}",
            "create_date": "2019-07-11T21:26:15Z",
            "description": "",
            "force_detach_policies": false,
            "id": "ec2-ecs-role",
            "max_session_duration": 3600,
            "name": "ec2-ecs-role",
            "name_prefix": null,
            "path": "/",
            "permissions_boundary": null,
            "tags": {},
            "unique_id": "AROA3ICHJY3M2IKYIU6Z6"
          },
          "private": "bnVsbA=="
        }
      ]
    },
    {
      "mode": "managed",
      "type": "aws_iam_role_policy_attachment",
      "name": "ecs_policy",
      "provider": "provider.aws",
      "instances": [
        {
          "schema_version": 0,
          "attributes": {
            "id": "ec2-ecs-role-20190711212616766000000001",
            "policy_arn": "arn:aws:iam::aws:policy/service-role/AmazonEC2ContainerServiceforEC2Role",
            "role": "ec2-ecs-role"
          },
          "private": "bnVsbA==",
          "depends_on": [
            "aws_iam_role.instance_role"
          ]
        }
      ]
    },
    {
      "mode": "managed",
      "type": "aws_instance",
      "name": "web",
      "provider": "provider.aws",
      "instances": [
        {
          "schema_version": 1,
          "attributes": {
            "ami": "ami-0c0c01a7a42f41c0c",
            "arn": "arn:aws:ec2:eu-central-1:773243651801:instance/i-0fbe505df8db405fe",
            "associate_public_ip_address": true,
            "availability_zone": "eu-central-1b",
            "cpu_core_count": 1,
            "cpu_threads_per_core": 2,
            "credit_specification": [
              {
                "cpu_credits": "unlimited"
              }
            ],
            "disable_api_termination": false,
            "ebs_block_device": [
              {
                "delete_on_termination": true,
                "device_name": "/dev/xvdcz",
                "encrypted": false,
                "iops": 100,
                "snapshot_id": "",
                "volume_id": "vol-0e69daee64deed944",
                "volume_size": 22,
                "volume_type": "gp2"
              }
            ],
            "ebs_optimized": false,
            "ephemeral_block_device": [],
            "get_password_data": false,
            "host_id": null,
            "iam_instance_profile": "",
            "id": "i-0fbe505df8db405fe",
            "instance_initiated_shutdown_behavior": null,
            "instance_state": "running",
            "instance_type": "t3.nano",
            "ipv6_address_count": 0,
            "ipv6_addresses": [],
            "key_name": "",
            "monitoring": false,
            "network_interface": [],
            "network_interface_id": null,
            "password_data": "",
            "placement_group": "",
            "primary_network_interface_id": "eni-0bff6f06cb06f167e",
            "private_dns": "ip-172-31-35-121.eu-central-1.compute.internal",
            "private_ip": "172.31.35.121",
            "public_dns": "ec2-3-120-141-217.eu-central-1.compute.amazonaws.com",
            "public_ip": "3.120.141.217",
            "root_block_device": [
              {
                "delete_on_termination": true,
                "iops": 100,
                "volume_id": "vol-0fea88021a3e6a4b8",
                "volume_size": 8,
                "volume_type": "gp2"
              }
            ],
            "security_groups": [
              "default"
            ],
            "source_dest_check": true,
            "subnet_id": "subnet-769fa40b",
            "tags": {
              "Name": "terraform-prototype"
            },
            "tenancy": "default",
            "timeouts": null,
            "user_data": "9837ad8511325f8df9559dffdc295b5dee605cb7",
            "user_data_base64": null,
            "volume_tags": {},
            "vpc_security_group_ids": [
              "sg-fa9dbc9a"
            ]
          },
          "private": "eyJlMmJmYjczMC1lY2FhLTExZTYtOGY4OC0zNDM2M2JjN2M0YzAiOnsiY3JlYXRlIjo2MDAwMDAwMDAwMDAsImRlbGV0ZSI6MTIwMDAwMDAwMDAwMCwidXBkYXRlIjo2MDAwMDAwMDAwMDB9LCJzY2hlbWFfdmVyc2lvbiI6IjEifQ==",
          "depends_on": [
            "data.aws_ami.api_ec2",
            "data.template_file.user_data"
          ]
        }
      ]
    }
  ]
}
