{
  "version": 4,
  "terraform_version": "0.12.3",
  "serial": 56,
  "lineage": "3ae57917-753e-9e88-aa97-d2d38be3efdc",
  "outputs": {},
  "resources": [
    {
      "mode": "data",
      "type": "aws_ami",
      "name": "api_ec2",
      "provider": "provider.aws",
      "instances": [
        {
          "schema_version": 0,
          "attributes": {
            "architecture": "x86_64",
            "block_device_mappings": [
              {
                "device_name": "/dev/xvda",
                "ebs": {
                  "delete_on_termination": "true",
                  "encrypted": "false",
                  "iops": "0",
                  "snapshot_id": "snap-0fd6ef35dfdfa34c4",
                  "volume_size": "8",
                  "volume_type": "gp2"
                },
                "no_device": "",
                "virtual_name": ""
              },
              {
                "device_name": "/dev/xvdcz",
                "ebs": {
                  "delete_on_termination": "true",
                  "encrypted": "false",
                  "iops": "0",
                  "snapshot_id": "",
                  "volume_size": "22",
                  "volume_type": "gp2"
                },
                "no_device": "",
                "virtual_name": ""
              }
            ],
            "creation_date": "2019-07-10T05:48:31.000Z",
            "description": "Amazon Linux AMI 2018.03.v x86_64 ECS HVM GP2",
            "executable_users": null,
            "filter": [
              {
                "name": "name",
                "values": [
                  "amzn-ami-*-amazon-ecs-optimized"
                ]
              },
              {
                "name": "owner-alias",
                "values": [
                  "amazon"
                ]
              }
            ],
            "hypervisor": "xen",
            "id": "ami-0bceb1887b6b37130",
            "image_id": "ami-0bceb1887b6b37130",
            "image_location": "amazon/amzn-ami-2018.03.v-amazon-ecs-optimized",
            "image_owner_alias": "amazon",
            "image_type": "machine",
            "kernel_id": null,
            "most_recent": true,
            "name": "amzn-ami-2018.03.v-amazon-ecs-optimized",
            "name_regex": null,
            "owner_id": "591542846629",
            "owners": [
              "amazon"
            ],
            "platform": null,
            "product_codes": [],
            "public": true,
            "ramdisk_id": null,
            "root_device_name": "/dev/xvda",
            "root_device_type": "ebs",
            "root_snapshot_id": "snap-0fd6ef35dfdfa34c4",
            "sriov_net_support": "simple",
            "state": "available",
            "state_reason": {
              "code": "UNSET",
              "message": "UNSET"
            },
            "tags": {},
            "virtualization_type": "hvm"
          }
        }
      ]
    },
    {
      "mode": "data",
      "type": "template_file",
      "name": "user_data",
      "provider": "provider.template",
      "instances": [
        {
          "schema_version": 0,
          "attributes": {
            "filename": null,
            "id": "e3b52079708be6e36422823aea43385d0a6a74d500dfcbbcfedfaf4aa05c1a33",
            "rendered": "#!/bin/bash\r\n\r\n# ECS config\r\n{\r\n  echo \"ECS_CLUSTER=terraform-prototype-cluster\"\r\n} \u003e\u003e /etc/ecs/ecs.config\r\n\r\nstart ecs\r\n\r\necho \"Done\"\r\n",
            "template": "#!/bin/bash\r\n\r\n# ECS config\r\n{\r\n  echo \"ECS_CLUSTER=${cluster_name}\"\r\n} \u003e\u003e /etc/ecs/ecs.config\r\n\r\nstart ecs\r\n\r\necho \"Done\"\r\n",
            "vars": {
              "cluster_name": "terraform-prototype-cluster"
            }
          },
          "depends_on": [
            "aws_ecs_cluster.cluster"
          ]
        }
      ]
    },
    {
      "mode": "managed",
      "type": "aws_autoscaling_policy",
      "name": "cluster_autoscale_policy",
      "provider": "provider.aws",
      "instances": []
    },
    {
      "mode": "managed",
      "type": "aws_ecr_repository",
      "name": "api-ecr",
      "provider": "provider.aws",
      "instances": [
        {
          "schema_version": 0,
          "attributes": {
            "arn": "arn:aws:ecr:eu-central-1:773243651801:repository/terraform-prototype-api",
            "id": "terraform-prototype-api",
            "name": "terraform-prototype-api",
            "registry_id": "773243651801",
            "repository_url": "773243651801.dkr.ecr.eu-central-1.amazonaws.com/terraform-prototype-api",
            "tags": {},
            "timeouts": null
          },
          "private": "eyJlMmJmYjczMC1lY2FhLTExZTYtOGY4OC0zNDM2M2JjN2M0YzAiOnsiZGVsZXRlIjoxMjAwMDAwMDAwMDAwfX0="
        }
      ]
    },
    {
      "mode": "managed",
      "type": "aws_ecs_cluster",
      "name": "cluster",
      "provider": "provider.aws",
      "instances": [
        {
          "schema_version": 0,
          "attributes": {
            "arn": "arn:aws:ecs:eu-central-1:773243651801:cluster/terraform-prototype-cluster",
            "id": "arn:aws:ecs:eu-central-1:773243651801:cluster/terraform-prototype-cluster",
            "name": "terraform-prototype-cluster",
            "tags": {}
          },
          "private": "bnVsbA=="
        }
      ]
    },
    {
      "mode": "managed",
      "type": "aws_ecs_service",
      "name": "ecs_service",
      "provider": "provider.aws",
      "instances": [
        {
          "schema_version": 0,
          "attributes": {
            "cluster": "arn:aws:ecs:eu-central-1:773243651801:cluster/terraform-prototype-cluster",
            "deployment_controller": [
              {
                "type": "ECS"
              }
            ],
            "deployment_maximum_percent": 200,
            "deployment_minimum_healthy_percent": 100,
            "desired_count": 1,
            "enable_ecs_managed_tags": false,
            "health_check_grace_period_seconds": 0,
            "iam_role": null,
            "id": "arn:aws:ecs:eu-central-1:773243651801:service/terraform-prototype-api-service",
            "launch_type": "EC2",
            "load_balancer": [],
            "name": "terraform-prototype-api-service",
            "network_configuration": [],
            "ordered_placement_strategy": [],
            "placement_constraints": [],
            "placement_strategy": [],
            "platform_version": "",
            "propagate_tags": "NONE",
            "scheduling_strategy": "REPLICA",
            "service_registries": [],
            "tags": {},
            "task_definition": "arn:aws:ecs:eu-central-1:773243651801:task-definition/terraform-api-task-definition:3"
          },
          "private": "bnVsbA==",
          "depends_on": [
            "aws_ecs_cluster.cluster",
            "aws_ecs_task_definition.api-task-definition"
          ]
        }
      ]
    },
    {
      "mode": "managed",
      "type": "aws_ecs_task_definition",
      "name": "api-task-definition",
      "provider": "provider.aws",
      "instances": [
        {
          "schema_version": 1,
          "attributes": {
            "arn": "arn:aws:ecs:eu-central-1:773243651801:task-definition/terraform-api-task-definition:3",
            "container_definitions": "[{\"cpu\":0,\"environment\":[{\"name\":\"ASPNETCORE_ENVIRONMENT\",\"value\":\"Production\"}],\"essential\":true,\"image\":\"773243651801.dkr.ecr.eu-central-1.amazonaws.com/terraform-learning:latest\",\"memory\":128,\"mountPoints\":[],\"name\":\"terraform-learning-api-container\",\"portMappings\":[{\"containerPort\":80,\"hostPort\":80,\"protocol\":\"tcp\"}],\"volumesFrom\":[]}]",
            "cpu": "",
            "execution_role_arn": "",
            "family": "terraform-api-task-definition",
            "id": "terraform-api-task-definition",
            "ipc_mode": null,
            "memory": "",
            "network_mode": "",
            "pid_mode": null,
            "placement_constraints": [],
            "proxy_configuration": [],
            "requires_compatibilities": [],
            "revision": 3,
            "tags": {},
            "task_role_arn": "",
            "volume": []
          },
          "private": "eyJzY2hlbWFfdmVyc2lvbiI6IjEifQ=="
        }
      ]
    },
    {
      "mode": "managed",
      "type": "aws_iam_instance_profile",
      "name": "ecs_instance_profile",
      "provider": "provider.aws",
      "instances": [
        {
          "schema_version": 0,
          "attributes": {
            "arn": "arn:aws:iam::773243651801:instance-profile/ecs_instance_profile",
            "create_date": "2019-07-12T21:07:22Z",
            "id": "ecs_instance_profile",
            "name": "ecs_instance_profile",
            "name_prefix": null,
            "path": "/",
            "role": "ec2-ecs-role",
            "roles": [
              "ec2-ecs-role"
            ],
            "unique_id": "AIPA3ICHJY3M43TQ3WNDQ"
          },
          "private": "bnVsbA==",
          "depends_on": [
            "aws_iam_role.instance_role"
          ]
        }
      ]
    },
    {
      "mode": "managed",
      "type": "aws_iam_role",
      "name": "instance_role",
      "provider": "provider.aws",
      "instances": [
        {
          "schema_version": 0,
          "attributes": {
            "arn": "arn:aws:iam::773243651801:role/ec2-ecs-role",
            "assume_role_policy": "{\"Version\":\"2012-10-17\",\"Statement\":[{\"Sid\":\"\",\"Effect\":\"Allow\",\"Principal\":{\"Service\":\"ec2.amazonaws.com\"},\"Action\":\"sts:AssumeRole\"}]}",
            "create_date": "2019-07-12T21:07:21Z",
            "description": "",
            "force_detach_policies": false,
            "id": "ec2-ecs-role",
            "max_session_duration": 3600,
            "name": "ec2-ecs-role",
            "name_prefix": null,
            "path": "/",
            "permissions_boundary": null,
            "tags": {},
            "unique_id": "AROA3ICHJY3MSXMTNPG6F"
          },
          "private": "bnVsbA=="
        }
      ]
    },
    {
      "mode": "managed",
      "type": "aws_iam_role_policy_attachment",
      "name": "ecs_policy",
      "provider": "provider.aws",
      "instances": [
        {
          "schema_version": 0,
          "attributes": {
            "id": "ec2-ecs-role-20190712210722742300000002",
            "policy_arn": "arn:aws:iam::aws:policy/service-role/AmazonEC2ContainerServiceforEC2Role",
            "role": "ec2-ecs-role"
          },
          "private": "bnVsbA==",
          "depends_on": [
            "aws_iam_role.instance_role"
          ]
        }
      ]
    },
    {
      "mode": "managed",
      "type": "aws_launch_template",
      "name": "api_instance_template",
      "provider": "provider.aws",
      "instances": [
        {
          "schema_version": 0,
          "attributes": {
            "arn": "arn:aws:ec2:eu-central-1:773243651801:launch-template/lt-005050932b8b21b18",
            "block_device_mappings": [],
            "capacity_reservation_specification": [],
            "credit_specification": [
              {
                "cpu_credits": "standard"
              }
            ],
            "default_version": 1,
            "description": "",
            "disable_api_termination": false,
            "ebs_optimized": "",
            "elastic_gpu_specifications": [],
            "elastic_inference_accelerator": [],
            "iam_instance_profile": [
              {
                "arn": "",
                "name": "ecs_instance_profile"
              }
            ],
            "id": "lt-005050932b8b21b18",
            "image_id": "ami-0bceb1887b6b37130",
            "instance_initiated_shutdown_behavior": "",
            "instance_market_options": [],
            "instance_type": "t2.micro",
            "kernel_id": "",
            "key_name": "",
            "latest_version": 1,
            "license_specification": [],
            "monitoring": [
              {
                "enabled": true
              }
            ],
            "name": "terraform-prototype20190712210905516600000001",
            "name_prefix": "terraform-prototype",
            "network_interfaces": [],
            "placement": [],
            "ram_disk_id": "",
            "security_group_names": [],
            "tag_specifications": [
              {
                "resource_type": "instance",
                "tags": {
                  "Name": "terraform-prototype"
                }
              }
            ],
            "tags": {},
            "user_data": "IyEvYmluL2Jhc2gNCg0KIyBFQ1MgY29uZmlnDQp7DQogIGVjaG8gIkVDU19DTFVTVEVSPXRlcnJhZm9ybS1wcm90b3R5cGUtY2x1c3RlciINCn0gPj4gL2V0Yy9lY3MvZWNzLmNvbmZpZw0KDQpzdGFydCBlY3MNCg0KZWNobyAiRG9uZSINCg==",
            "vpc_security_group_ids": []
          },
          "private": "bnVsbA==",
          "depends_on": [
            "aws_iam_instance_profile.ecs_instance_profile",
            "data.aws_ami.api_ec2",
            "data.template_file.user_data"
          ]
        }
      ]
    },
    {
      "mode": "managed",
      "type": "aws_placement_group",
      "name": "cluster_placement_group",
      "provider": "provider.aws",
      "instances": [
        {
          "schema_version": 0,
          "attributes": {
            "id": "terraform-prototype",
            "name": "terraform-prototype",
            "strategy": "cluster"
          },
          "private": "bnVsbA=="
        }
      ]
    }
  ]
}
